
Microsoft Visual Studio Solution File, Format Version 12.00
# Visual Studio Version 17
VisualStudioVersion = 17.0.31903.59
MinimumVisualStudioVersion = 10.0.40219.1
Project("{2150E333-8FDC-42A3-9474-1A3956D46DE8}") = "src", "src", "{827E0CD3-B72D-47B6-A68D-7590B98EB39B}"
EndProject
Project("{FAE04EC0-301F-11D3-BF4B-00C04F79EFBC}") = "NestIQ.DeviceRegistry.Api", "src\NestIQ.DeviceRegistry.Api\NestIQ.DeviceRegistry.Api.csproj", "{D029377D-68FE-41DF-A8B7-0076E0FAA7E0}"
EndProject
Project("{FAE04EC0-301F-11D3-BF4B-00C04F79EFBC}") = "NestIQ.DeviceRegistry.Domain", "src\NestIQ.DeviceRegistry.Domain\NestIQ.DeviceRegistry.Domain.csproj", "{BD4EA095-FF34-4004-99C8-F546AE48A387}"
EndProject
Project("{FAE04EC0-301F-11D3-BF4B-00C04F79EFBC}") = "NestIQ.DeviceRegistry.Application", "src\NestIQ.DeviceRegistry.Application\NestIQ.DeviceRegistry.Application.csproj", "{3B25C865-9A5B-48B5-8E60-F858208D9F7A}"
EndProject
Project("{FAE04EC0-301F-11D3-BF4B-00C04F79EFBC}") = "NestIQ.DeviceRegistry.Infrastructure", "src\NestIQ.DeviceRegistry.Infrastructure\NestIQ.DeviceRegistry.Infrastructure.csproj", "{9D371F5E-2B3A-4616-BADF-3F8F411E3B06}"
EndProject
Project("{2150E333-8FDC-42A3-9474-1A3956D46DE8}") = "tests", "tests", "{0AB3BF05-4346-4AA6-1389-037BE0695223}"
EndProject
Project("{FAE04EC0-301F-11D3-BF4B-00C04F79EFBC}") = "NestIQ.DeviceRegistry.UnitTests", "tests\NestIQ.DeviceRegistry.UnitTests\NestIQ.DeviceRegistry.UnitTests.csproj", "{EFCE4B2D-F3F2-499F-8D11-F679DA92CA9D}"
EndProject
Project("{FAE04EC0-301F-11D3-BF4B-00C04F79EFBC}") = "NestIQ.DeviceRegistry.ComponentTests", "tests\NestIQ.DeviceRegistry.ComponentTests\NestIQ.DeviceRegistry.ComponentTests.csproj", "{9862DE95-9AA0-4142-BB30-9B2A07EE9E7F}"
EndProject
Project("{FAE04EC0-301F-11D3-BF4B-00C04F79EFBC}") = "NestIQ.DeviceRegistry.IntegrationTests", "tests\NestIQ.DeviceRegistry.IntegrationTests\NestIQ.DeviceRegistry.IntegrationTests.csproj", "{BDFEA2CC-0669-4B76-919B-6A9755BC7CD2}"
EndProject
Project("{FAE04EC0-301F-11D3-BF4B-00C04F79EFBC}") = "NestIQ.DeviceRegistry.ApiTests", "tests\NestIQ.DeviceRegistry.ApiTests\NestIQ.DeviceRegistry.ApiTests.csproj", "{52CC6E9F-C092-422C-81CD-76A926335043}"
EndProject
Global
	GlobalSection(SolutionConfigurationPlatforms) = preSolution
		Debug|Any CPU = Debug|Any CPU
		Debug|x64 = Debug|x64
		Debug|x86 = Debug|x86
		Release|Any CPU = Release|Any CPU
		Release|x64 = Release|x64
		Release|x86 = Release|x86
	EndGlobalSection
	GlobalSection(ProjectConfigurationPlatforms) = postSolution
		{D029377D-68FE-41DF-A8B7-0076E0FAA7E0}.Debug|Any CPU.ActiveCfg = Debug|Any CPU
		{D029377D-68FE-41DF-A8B7-0076E0FAA7E0}.Debug|Any CPU.Build.0 = Debug|Any CPU
		{D029377D-68FE-41DF-A8B7-0076E0FAA7E0}.Debug|x64.ActiveCfg = Debug|Any CPU
		{D029377D-68FE-41DF-A8B7-0076E0FAA7E0}.Debug|x64.Build.0 = Debug|Any CPU
		{D029377D-68FE-41DF-A8B7-0076E0FAA7E0}.Debug|x86.ActiveCfg = Debug|Any CPU
		{D029377D-68FE-41DF-A8B7-0076E0FAA7E0}.Debug|x86.Build.0 = Debug|Any CPU
		{D029377D-68FE-41DF-A8B7-0076E0FAA7E0}.Release|Any CPU.ActiveCfg = Release|Any CPU
		{D029377D-68FE-41DF-A8B7-0076E0FAA7E0}.Release|Any CPU.Build.0 = Release|Any CPU
		{D029377D-68FE-41DF-A8B7-0076E0FAA7E0}.Release|x64.ActiveCfg = Release|Any CPU
		{D029377D-68FE-41DF-A8B7-0076E0FAA7E0}.Release|x64.Build.0 = Release|Any CPU
		{D029377D-68FE-41DF-A8B7-0076E0FAA7E0}.Release|x86.ActiveCfg = Release|Any CPU
		{D029377D-68FE-41DF-A8B7-0076E0FAA7E0}.Release|x86.Build.0 = Release|Any CPU
		{BD4EA095-FF34-4004-99C8-F546AE48A387}.Debug|Any CPU.ActiveCfg = Debug|Any CPU
		{BD4EA095-FF34-4004-99C8-F546AE48A387}.Debug|Any CPU.Build.0 = Debug|Any CPU
		{BD4EA095-FF34-4004-99C8-F546AE48A387}.Debug|x64.ActiveCfg = Debug|Any CPU
		{BD4EA095-FF34-4004-99C8-F546AE48A387}.Debug|x64.Build.0 = Debug|Any CPU
		{BD4EA095-FF34-4004-99C8-F546AE48A387}.Debug|x86.ActiveCfg = Debug|Any CPU
		{BD4EA095-FF34-4004-99C8-F546AE48A387}.Debug|x86.Build.0 = Debug|Any CPU
		{BD4EA095-FF34-4004-99C8-F546AE48A387}.Release|Any CPU.ActiveCfg = Release|Any CPU
		{BD4EA095-FF34-4004-99C8-F546AE48A387}.Release|Any CPU.Build.0 = Release|Any CPU
		{BD4EA095-FF34-4004-99C8-F546AE48A387}.Release|x64.ActiveCfg = Release|Any CPU
		{BD4EA095-FF34-4004-99C8-F546AE48A387}.Release|x64.Build.0 = Release|Any CPU
		{BD4EA095-FF34-4004-99C8-F546AE48A387}.Release|x86.ActiveCfg = Release|Any CPU
		{BD4EA095-FF34-4004-99C8-F546AE48A387}.Release|x86.Build.0 = Release|Any CPU
		{3B25C865-9A5B-48B5-8E60-F858208D9F7A}.Debug|Any CPU.ActiveCfg = Debug|Any CPU
		{3B25C865-9A5B-48B5-8E60-F858208D9F7A}.Debug|Any CPU.Build.0 = Debug|Any CPU
		{3B25C865-9A5B-48B5-8E60-F858208D9F7A}.Debug|x64.ActiveCfg = Debug|Any CPU
		{3B25C865-9A5B-48B5-8E60-F858208D9F7A}.Debug|x64.Build.0 = Debug|Any CPU
		{3B25C865-9A5B-48B5-8E60-F858208D9F7A}.Debug|x86.ActiveCfg = Debug|Any CPU
		{3B25C865-9A5B-48B5-8E60-F858208D9F7A}.Debug|x86.Build.0 = Debug|Any CPU
		{3B25C865-9A5B-48B5-8E60-F858208D9F7A}.Release|Any CPU.ActiveCfg = Release|Any CPU
		{3B25C865-9A5B-48B5-8E60-F858208D9F7A}.Release|Any CPU.Build.0 = Release|Any CPU
		{3B25C865-9A5B-48B5-8E60-F858208D9F7A}.Release|x64.ActiveCfg = Release|Any CPU
		{3B25C865-9A5B-48B5-8E60-F858208D9F7A}.Release|x64.Build.0 = Release|Any CPU
		{3B25C865-9A5B-48B5-8E60-F858208D9F7A}.Release|x86.ActiveCfg = Release|Any CPU
		{3B25C865-9A5B-48B5-8E60-F858208D9F7A}.Release|x86.Build.0 = Release|Any CPU
		{9D371F5E-2B3A-4616-BADF-3F8F411E3B06}.Debug|Any CPU.ActiveCfg = Debug|Any CPU
		{9D371F5E-2B3A-4616-BADF-3F8F411E3B06}.Debug|Any CPU.Build.0 = Debug|Any CPU
		{9D371F5E-2B3A-4616-BADF-3F8F411E3B06}.Debug|x64.ActiveCfg = Debug|Any CPU
		{9D371F5E-2B3A-4616-BADF-3F8F411E3B06}.Debug|x64.Build.0 = Debug|Any CPU
		{9D371F5E-2B3A-4616-BADF-3F8F411E3B06}.Debug|x86.ActiveCfg = Debug|Any CPU
		{9D371F5E-2B3A-4616-BADF-3F8F411E3B06}.Debug|x86.Build.0 = Debug|Any CPU
		{9D371F5E-2B3A-4616-BADF-3F8F411E3B06}.Release|Any CPU.ActiveCfg = Release|Any CPU
		{9D371F5E-2B3A-4616-BADF-3F8F411E3B06}.Release|Any CPU.Build.0 = Release|Any CPU
		{9D371F5E-2B3A-4616-BADF-3F8F411E3B06}.Release|x64.ActiveCfg = Release|Any CPU
		{9D371F5E-2B3A-4616-BADF-3F8F411E3B06}.Release|x64.Build.0 = Release|Any CPU
		{9D371F5E-2B3A-4616-BADF-3F8F411E3B06}.Release|x86.ActiveCfg = Release|Any CPU
		{9D371F5E-2B3A-4616-BADF-3F8F411E3B06}.Release|x86.Build.0 = Release|Any CPU
		{EFCE4B2D-F3F2-499F-8D11-F679DA92CA9D}.Debug|Any CPU.ActiveCfg = Debug|Any CPU
		{EFCE4B2D-F3F2-499F-8D11-F679DA92CA9D}.Debug|Any CPU.Build.0 = Debug|Any CPU
		{EFCE4B2D-F3F2-499F-8D11-F679DA92CA9D}.Debug|x64.ActiveCfg = Debug|Any CPU
		{EFCE4B2D-F3F2-499F-8D11-F679DA92CA9D}.Debug|x64.Build.0 = Debug|Any CPU
		{EFCE4B2D-F3F2-499F-8D11-F679DA92CA9D}.Debug|x86.ActiveCfg = Debug|Any CPU
		{EFCE4B2D-F3F2-499F-8D11-F679DA92CA9D}.Debug|x86.Build.0 = Debug|Any CPU
		{EFCE4B2D-F3F2-499F-8D11-F679DA92CA9D}.Release|Any CPU.ActiveCfg = Release|Any CPU
		{EFCE4B2D-F3F2-499F-8D11-F679DA92CA9D}.Release|Any CPU.Build.0 = Release|Any CPU
		{EFCE4B2D-F3F2-499F-8D11-F679DA92CA9D}.Release|x64.ActiveCfg = Release|Any CPU
		{EFCE4B2D-F3F2-499F-8D11-F679DA92CA9D}.Release|x64.Build.0 = Release|Any CPU
		{EFCE4B2D-F3F2-499F-8D11-F679DA92CA9D}.Release|x86.ActiveCfg = Release|Any CPU
		{EFCE4B2D-F3F2-499F-8D11-F679DA92CA9D}.Release|x86.Build.0 = Release|Any CPU
		{9862DE95-9AA0-4142-BB30-9B2A07EE9E7F}.Debug|Any CPU.ActiveCfg = Debug|Any CPU
		{9862DE95-9AA0-4142-BB30-9B2A07EE9E7F}.Debug|Any CPU.Build.0 = Debug|Any CPU
		{9862DE95-9AA0-4142-BB30-9B2A07EE9E7F}.Debug|x64.ActiveCfg = Debug|Any CPU
		{9862DE95-9AA0-4142-BB30-9B2A07EE9E7F}.Debug|x64.Build.0 = Debug|Any CPU
		{9862DE95-9AA0-4142-BB30-9B2A07EE9E7F}.Debug|x86.ActiveCfg = Debug|Any CPU
		{9862DE95-9AA0-4142-BB30-9B2A07EE9E7F}.Debug|x86.Build.0 = Debug|Any CPU
		{9862DE95-9AA0-4142-BB30-9B2A07EE9E7F}.Release|Any CPU.ActiveCfg = Release|Any CPU
		{9862DE95-9AA0-4142-BB30-9B2A07EE9E7F}.Release|Any CPU.Build.0 = Release|Any CPU
		{9862DE95-9AA0-4142-BB30-9B2A07EE9E7F}.Release|x64.ActiveCfg = Release|Any CPU
		{9862DE95-9AA0-4142-BB30-9B2A07EE9E7F}.Release|x64.Build.0 = Release|Any CPU
		{9862DE95-9AA0-4142-BB30-9B2A07EE9E7F}.Release|x86.ActiveCfg = Release|Any CPU
		{9862DE95-9AA0-4142-BB30-9B2A07EE9E7F}.Release|x86.Build.0 = Release|Any CPU
		{BDFEA2CC-0669-4B76-919B-6A9755BC7CD2}.Debug|Any CPU.ActiveCfg = Debug|Any CPU
		{BDFEA2CC-0669-4B76-919B-6A9755BC7CD2}.Debug|Any CPU.Build.0 = Debug|Any CPU
		{BDFEA2CC-0669-4B76-919B-6A9755BC7CD2}.Debug|x64.ActiveCfg = Debug|Any CPU
		{BDFEA2CC-0669-4B76-919B-6A9755BC7CD2}.Debug|x64.Build.0 = Debug|Any CPU
		{BDFEA2CC-0669-4B76-919B-6A9755BC7CD2}.Debug|x86.ActiveCfg = Debug|Any CPU
		{BDFEA2CC-0669-4B76-919B-6A9755BC7CD2}.Debug|x86.Build.0 = Debug|Any CPU
		{BDFEA2CC-0669-4B76-919B-6A9755BC7CD2}.Release|Any CPU.ActiveCfg = Release|Any CPU
		{BDFEA2CC-0669-4B76-919B-6A9755BC7CD2}.Release|Any CPU.Build.0 = Release|Any CPU
		{BDFEA2CC-0669-4B76-919B-6A9755BC7CD2}.Release|x64.ActiveCfg = Release|Any CPU
		{BDFEA2CC-0669-4B76-919B-6A9755BC7CD2}.Release|x64.Build.0 = Release|Any CPU
		{BDFEA2CC-0669-4B76-919B-6A9755BC7CD2}.Release|x86.ActiveCfg = Release|Any CPU
		{BDFEA2CC-0669-4B76-919B-6A9755BC7CD2}.Release|x86.Build.0 = Release|Any CPU
		{52CC6E9F-C092-422C-81CD-76A926335043}.Debug|Any CPU.ActiveCfg = Debug|Any CPU
		{52CC6E9F-C092-422C-81CD-76A926335043}.Debug|Any CPU.Build.0 = Debug|Any CPU
		{52CC6E9F-C092-422C-81CD-76A926335043}.Debug|x64.ActiveCfg = Debug|Any CPU
		{52CC6E9F-C092-422C-81CD-76A926335043}.Debug|x64.Build.0 = Debug|Any CPU
		{52CC6E9F-C092-422C-81CD-76A926335043}.Debug|x86.ActiveCfg = Debug|Any CPU
		{52CC6E9F-C092-422C-81CD-76A926335043}.Debug|x86.Build.0 = Debug|Any CPU
		{52CC6E9F-C092-422C-81CD-76A926335043}.Release|Any CPU.ActiveCfg = Release|Any CPU
		{52CC6E9F-C092-422C-81CD-76A926335043}.Release|Any CPU.Build.0 = Release|Any CPU
		{52CC6E9F-C092-422C-81CD-76A926335043}.Release|x64.ActiveCfg = Release|Any CPU
		{52CC6E9F-C092-422C-81CD-76A926335043}.Release|x64.Build.0 = Release|Any CPU
		{52CC6E9F-C092-422C-81CD-76A926335043}.Release|x86.ActiveCfg = Release|Any CPU
		{52CC6E9F-C092-422C-81CD-76A926335043}.Release|x86.Build.0 = Release|Any CPU
	EndGlobalSection
	GlobalSection(SolutionProperties) = preSolution
		HideSolutionNode = FALSE
	EndGlobalSection
	GlobalSection(NestedProjects) = preSolution
		{D029377D-68FE-41DF-A8B7-0076E0FAA7E0} = {827E0CD3-B72D-47B6-A68D-7590B98EB39B}
		{BD4EA095-FF34-4004-99C8-F546AE48A387} = {827E0CD3-B72D-47B6-A68D-7590B98EB39B}
		{3B25C865-9A5B-48B5-8E60-F858208D9F7A} = {827E0CD3-B72D-47B6-A68D-7590B98EB39B}
		{9D371F5E-2B3A-4616-BADF-3F8F411E3B06} = {827E0CD3-B72D-47B6-A68D-7590B98EB39B}
		{EFCE4B2D-F3F2-499F-8D11-F679DA92CA9D} = {0AB3BF05-4346-4AA6-1389-037BE0695223}
		{9862DE95-9AA0-4142-BB30-9B2A07EE9E7F} = {0AB3BF05-4346-4AA6-1389-037BE0695223}
		{BDFEA2CC-0669-4B76-919B-6A9755BC7CD2} = {0AB3BF05-4346-4AA6-1389-037BE0695223}
		{52CC6E9F-C092-422C-81CD-76A926335043} = {0AB3BF05-4346-4AA6-1389-037BE0695223}
	EndGlobalSection
EndGlobal
